
Microsoft Visual Studio Solution File, Format Version 12.00
# Visual Studio Version 16
VisualStudioVersion = 16.0.30114.105
MinimumVisualStudioVersion = 10.0.40219.1
Project("{9092AA53-FB77-4645-B42D-1CCCA6BD08BD}") = "fast_colorpicker", "fast_colorpicker\fast_colorpicker.njsproj", "{2D7F8155-EFBA-4FE1-8EEC-28FEEA2A7CA5}"
EndProject
Global
	GlobalSection(SolutionConfigurationPlatforms) = preSolution
		Debug|Any CPU = Debug|Any CPU
		Release|Any CPU = Release|Any CPU
	EndGlobalSection
	GlobalSection(ProjectConfigurationPlatforms) = postSolution
		{2D7F8155-EFBA-4FE1-8EEC-28FEEA2A7CA5}.Debug|Any CPU.ActiveCfg = Debug|Any CPU
		{2D7F8155-EFBA-4FE1-8EEC-28FEEA2A7CA5}.Debug|Any CPU.Build.0 = Debug|Any CPU
		{2D7F8155-EFBA-4FE1-8EEC-28FEEA2A7CA5}.Release|Any CPU.ActiveCfg = Release|Any CPU
		{2D7F8155-EFBA-4FE1-8EEC-28FEEA2A7CA5}.Release|Any CPU.Build.0 = Release|Any CPU
	EndGlobalSection
	GlobalSection(SolutionProperties) = preSolution
		HideSolutionNode = FALSE
	EndGlobalSection
	GlobalSection(ExtensibilityGlobals) = postSolution
		SolutionGuid = {EE53386F-3078-49D7-9A5B-C4B6AE92C740}
	EndGlobalSection
EndGlobal
