{
  "name": "fast_colorpicker",
  "version": "0.0.0",
  "lockfileVersion": 1,
  "requires": true,
  "dependencies": {
    "@types/node": {
      "version": "8.10.61",
      "resolved": "https://registry.npm.taobao.org/@types/node/download/@types/node-8.10.61.tgz",
      "integrity": "sha1-0pkTbOVLyvGrqkpIf55L7faw05M=",
      "dev": true
    },
    "typescript": {
      "version": "3.9.3",
      "resolved": "https://registry.npm.taobao.org/typescript/download/typescript-3.9.3.tgz?cache=0&other_urls=https%3A%2F%2Fregistry.npm.taobao.org%2Ftypescript%2Fdownload%2Ftypescript-3.9.3.tgz",
      "integrity": "sha1-06yIg6l8JhOeQt9ek+7s4z1hC4o=",
      "dev": true
    }
  }
}
